
Microsoft Visual Studio Solution File, Format Version 12.00
# Visual Studio Version 16
VisualStudioVersion = 16.0.29509.3
MinimumVisualStudioVersion = 10.0.40219.1
Project("{FAE04EC0-301F-11D3-BF4B-00C04F79EFBC}") = "Bezier", "Bezier.csproj", "{ED76D481-0A95-4984-9E6A-C325011A24A4}"
EndProject
Global
	GlobalSection(SolutionConfigurationPlatforms) = preSolution
		Debug|Any CPU = Debug|Any CPU
		Release|Any CPU = Release|Any CPU
	EndGlobalSection
	GlobalSection(ProjectConfigurationPlatforms) = postSolution
		{ED76D481-0A95-4984-9E6A-C325011A24A4}.Debug|Any CPU.ActiveCfg = Debug|Any CPU
		{ED76D481-0A95-4984-9E6A-C325011A24A4}.Debug|Any CPU.Build.0 = Debug|Any CPU
		{ED76D481-0A95-4984-9E6A-C325011A24A4}.Release|Any CPU.ActiveCfg = Release|Any CPU
		{ED76D481-0A95-4984-9E6A-C325011A24A4}.Release|Any CPU.Build.0 = Release|Any CPU
	EndGlobalSection
	GlobalSection(SolutionProperties) = preSolution
		HideSolutionNode = FALSE
	EndGlobalSection
	GlobalSection(ExtensibilityGlobals) = postSolution
		SolutionGuid = {CEDCECE6-66AE-4CCA-BEF0-AE5B9AC47281}
	EndGlobalSection
EndGlobal
